
Microsoft Visual Studio Solution File, Format Version 12.00
# Visual Studio 14
VisualStudioVersion = 14.0.23107.0
MinimumVisualStudioVersion = 10.0.40219.1
Project("{FAE04EC0-301F-11D3-BF4B-00C04F79EFBC}") = "TestNullObject1", "TestNullObject1\TestNullObject1.csproj", "{34BCFA8F-2F23-47D2-ADA8-AF7FD0AEB24C}"
EndProject
Global
	GlobalSection(SolutionConfigurationPlatforms) = preSolution
		Debug|Any CPU = Debug|Any CPU
		Release|Any CPU = Release|Any CPU
	EndGlobalSection
	GlobalSection(ProjectConfigurationPlatforms) = postSolution
		{34BCFA8F-2F23-47D2-ADA8-AF7FD0AEB24C}.Debug|Any CPU.ActiveCfg = Debug|Any CPU
		{34BCFA8F-2F23-47D2-ADA8-AF7FD0AEB24C}.Debug|Any CPU.Build.0 = Debug|Any CPU
		{34BCFA8F-2F23-47D2-ADA8-AF7FD0AEB24C}.Release|Any CPU.ActiveCfg = Release|Any CPU
		{34BCFA8F-2F23-47D2-ADA8-AF7FD0AEB24C}.Release|Any CPU.Build.0 = Release|Any CPU
	EndGlobalSection
	GlobalSection(SolutionProperties) = preSolution
		HideSolutionNode = FALSE
	EndGlobalSection
EndGlobal
